
Microsoft Visual Studio Solution File, Format Version 12.00
# Visual Studio Version 16
VisualStudioVersion = 16.0.30503.244
MinimumVisualStudioVersion = 10.0.40219.1
Project("{FAE04EC0-301F-11D3-BF4B-00C04F79EFBC}") = "Практика 2", "Практика 2\Практика 2.csproj", "{102A3FF2-7C9B-4588-8F74-E6341066906D}"
EndProject
Global
	GlobalSection(SolutionConfigurationPlatforms) = preSolution
		Debug|Any CPU = Debug|Any CPU
		Release|Any CPU = Release|Any CPU
	EndGlobalSection
	GlobalSection(ProjectConfigurationPlatforms) = postSolution
		{102A3FF2-7C9B-4588-8F74-E6341066906D}.Debug|Any CPU.ActiveCfg = Debug|Any CPU
		{102A3FF2-7C9B-4588-8F74-E6341066906D}.Debug|Any CPU.Build.0 = Debug|Any CPU
		{102A3FF2-7C9B-4588-8F74-E6341066906D}.Release|Any CPU.ActiveCfg = Release|Any CPU
		{102A3FF2-7C9B-4588-8F74-E6341066906D}.Release|Any CPU.Build.0 = Release|Any CPU
	EndGlobalSection
	GlobalSection(SolutionProperties) = preSolution
		HideSolutionNode = FALSE
	EndGlobalSection
	GlobalSection(ExtensibilityGlobals) = postSolution
		SolutionGuid = {C97E8129-F4B0-4A8C-8903-BDE64DC47D0E}
	EndGlobalSection
EndGlobal
